// !$*UTF8*$!
{
	archiveVersion = 1;
	classes = {
	};
	objectVersion = 46;
	objects = {

/* Begin PBXBuildFile section */
		00E356F31AD99517003FC87E /* CastleTests.m in Sources */ = {isa = PBXBuildFile; fileRef = 00E356F21AD99517003FC87E /* CastleTests.m */; };
		13B07FBC1A68108700A75B9A /* AppDelegate.m in Sources */ = {isa = PBXBuildFile; fileRef = 13B07FB01A68108700A75B9A /* AppDelegate.m */; };
		13B07FBD1A68108700A75B9A /* LaunchScreen.xib in Resources */ = {isa = PBXBuildFile; fileRef = 13B07FB11A68108700A75B9A /* LaunchScreen.xib */; };
		13B07FBF1A68108700A75B9A /* Images.xcassets in Resources */ = {isa = PBXBuildFile; fileRef = 13B07FB51A68108700A75B9A /* Images.xcassets */; };
		13B07FC11A68108700A75B9A /* main.m in Sources */ = {isa = PBXBuildFile; fileRef = 13B07FB71A68108700A75B9A /* main.m */; };
		2D02E4BC1E0B4A80006451C7 /* AppDelegate.m in Sources */ = {isa = PBXBuildFile; fileRef = 13B07FB01A68108700A75B9A /* AppDelegate.m */; };
		2D02E4BD1E0B4A84006451C7 /* Images.xcassets in Resources */ = {isa = PBXBuildFile; fileRef = 13B07FB51A68108700A75B9A /* Images.xcassets */; };
		2D02E4BF1E0B4AB3006451C7 /* main.m in Sources */ = {isa = PBXBuildFile; fileRef = 13B07FB71A68108700A75B9A /* main.m */; };
		2DCD954D1E0B4F2C00145EB5 /* CastleTests.m in Sources */ = {isa = PBXBuildFile; fileRef = 00E356F21AD99517003FC87E /* CastleTests.m */; };
		4577F0FF47C73EA9A0ECC7F6 /* libPods-Castle-tvOS.a in Frameworks */ = {isa = PBXBuildFile; fileRef = BDA1BD867AE232F85BAD0D0B /* libPods-Castle-tvOS.a */; };
		4917391D17F4BFD16B3A557B /* libPods-CastleTests.a in Frameworks */ = {isa = PBXBuildFile; fileRef = 7A2BB3156AC1D98E2389E1CF /* libPods-CastleTests.a */; };
		752DFF0FA2404564937762CE /* RTAliasGrotesk-Bold.otf in Resources */ = {isa = PBXBuildFile; fileRef = 0C7DDD807F684FD0A7E4CD7E /* RTAliasGrotesk-Bold.otf */; };
		A1149173235A0E6C0091184F /* GhostInputView.mm in Sources */ = {isa = PBXBuildFile; fileRef = A1149172235A0E6C0091184F /* GhostInputView.mm */; };
		A14FE39F2355CB83003B7EA0 /* AudioToolbox.framework in Frameworks */ = {isa = PBXBuildFile; fileRef = A14FE39E2355CB83003B7EA0 /* AudioToolbox.framework */; };
		A14FE3A12355CB8B003B7EA0 /* AVFoundation.framework in Frameworks */ = {isa = PBXBuildFile; fileRef = A14FE3A02355CB8B003B7EA0 /* AVFoundation.framework */; };
		A14FE3A32355CB93003B7EA0 /* CoreGraphics.framework in Frameworks */ = {isa = PBXBuildFile; fileRef = A14FE3A22355CB93003B7EA0 /* CoreGraphics.framework */; };
		A14FE3A52355CB9A003B7EA0 /* GameController.framework in Frameworks */ = {isa = PBXBuildFile; fileRef = A14FE3A42355CB9A003B7EA0 /* GameController.framework */; };
		A14FE3A72355CBB6003B7EA0 /* libz.tbd in Frameworks */ = {isa = PBXBuildFile; fileRef = A14FE3A62355CBAB003B7EA0 /* libz.tbd */; };
		A14FE3A82355CBBE003B7EA0 /* liblove.a in Frameworks */ = {isa = PBXBuildFile; fileRef = A14FE39D2355CA7B003B7EA0 /* liblove.a */; };
		A14FE3A92355CBC8003B7EA0 /* libSDL2.a in Frameworks */ = {isa = PBXBuildFile; fileRef = A14FE3922355CA44003B7EA0 /* libSDL2.a */; };
		A14FE3AB2355CBE3003B7EA0 /* libbz2.tbd in Frameworks */ = {isa = PBXBuildFile; fileRef = A14FE3AA2355CBDB003B7EA0 /* libbz2.tbd */; };
		A14FE3AE2355CC0E003B7EA0 /* libssl.a in Frameworks */ = {isa = PBXBuildFile; fileRef = A14FE3AC2355CBFF003B7EA0 /* libssl.a */; };
		A14FE3AF2355CC21003B7EA0 /* libcrypto.a in Frameworks */ = {isa = PBXBuildFile; fileRef = A14FE3AD2355CBFF003B7EA0 /* libcrypto.a */; };
		A14FE3B12355CC2B003B7EA0 /* Metal.framework in Frameworks */ = {isa = PBXBuildFile; fileRef = A14FE3B02355CC2B003B7EA0 /* Metal.framework */; };
		A14FE3B32355CC32003B7EA0 /* OpenAL.framework in Frameworks */ = {isa = PBXBuildFile; fileRef = A14FE3B22355CC32003B7EA0 /* OpenAL.framework */; };
		A14FE3B52355CC39003B7EA0 /* QuartzCore.framework in Frameworks */ = {isa = PBXBuildFile; fileRef = A14FE3B42355CC39003B7EA0 /* QuartzCore.framework */; };
		A14FE3B72355CD66003B7EA0 /* CoreMotion.framework in Frameworks */ = {isa = PBXBuildFile; fileRef = A14FE3B62355CD66003B7EA0 /* CoreMotion.framework */; };
		A14FE3C22355CE74003B7EA0 /* lmarshal.c in Sources */ = {isa = PBXBuildFile; fileRef = A14FE3C12355CE74003B7EA0 /* lmarshal.c */; };
		A14FE3C62355CE94003B7EA0 /* lsqlite3.c in Sources */ = {isa = PBXBuildFile; fileRef = A14FE3C32355CE94003B7EA0 /* lsqlite3.c */; };
		A14FE3C72355CE94003B7EA0 /* sqlite3.c in Sources */ = {isa = PBXBuildFile; fileRef = A14FE3C52355CE94003B7EA0 /* sqlite3.c */; };
		A14FE3CF2355CEC2003B7EA0 /* fpconv.c in Sources */ = {isa = PBXBuildFile; fileRef = A14FE3CB2355CEC2003B7EA0 /* fpconv.c */; };
		A14FE3D02355CEC2003B7EA0 /* lua_cjson.c in Sources */ = {isa = PBXBuildFile; fileRef = A14FE3CC2355CEC2003B7EA0 /* lua_cjson.c */; };
		A14FE3D12355CEC2003B7EA0 /* strbuf.c in Sources */ = {isa = PBXBuildFile; fileRef = A14FE3CE2355CEC2003B7EA0 /* strbuf.c */; };
		A14FE3DD2355CEF0003B7EA0 /* x509.c in Sources */ = {isa = PBXBuildFile; fileRef = A14FE3D22355CEEF003B7EA0 /* x509.c */; };
		A14FE3DE2355CEF0003B7EA0 /* ssl.c in Sources */ = {isa = PBXBuildFile; fileRef = A14FE3D52355CEEF003B7EA0 /* ssl.c */; };
		A14FE3DF2355CEF0003B7EA0 /* ec.c in Sources */ = {isa = PBXBuildFile; fileRef = A14FE3D82355CEEF003B7EA0 /* ec.c */; };
		A14FE3E02355CEF0003B7EA0 /* context.c in Sources */ = {isa = PBXBuildFile; fileRef = A14FE3D92355CEEF003B7EA0 /* context.c */; };
		A14FE3E12355CEF0003B7EA0 /* config.c in Sources */ = {isa = PBXBuildFile; fileRef = A14FE3DA2355CEEF003B7EA0 /* config.c */; };
		A14FE3E42355CF02003B7EA0 /* lcrypto.c in Sources */ = {isa = PBXBuildFile; fileRef = A14FE3E22355CF02003B7EA0 /* lcrypto.c */; };
		A14FE3F02355CF2D003B7EA0 /* lpcode.c in Sources */ = {isa = PBXBuildFile; fileRef = A14FE3E52355CF2D003B7EA0 /* lpcode.c */; };
		A14FE3F12355CF2D003B7EA0 /* lptree.c in Sources */ = {isa = PBXBuildFile; fileRef = A14FE3E82355CF2D003B7EA0 /* lptree.c */; };
		A14FE3F22355CF2D003B7EA0 /* lpvm.c in Sources */ = {isa = PBXBuildFile; fileRef = A14FE3E92355CF2D003B7EA0 /* lpvm.c */; };
		A14FE3F32355CF2D003B7EA0 /* lpprint.c in Sources */ = {isa = PBXBuildFile; fileRef = A14FE3EA2355CF2D003B7EA0 /* lpprint.c */; };
		A14FE3F42355CF2D003B7EA0 /* lpcap.c in Sources */ = {isa = PBXBuildFile; fileRef = A14FE3EB2355CF2D003B7EA0 /* lpcap.c */; };
		A14FE3F72355D0C8003B7EA0 /* package.love in Resources */ = {isa = PBXBuildFile; fileRef = A14FE3F62355D0C8003B7EA0 /* package.love */; };
		A1CCBA1623551869009F4DDD /* GhostChannels.mm in Sources */ = {isa = PBXBuildFile; fileRef = A1CCBA1423551869009F4DDD /* GhostChannels.mm */; };
		A1CCBA19235518C7009F4DDD /* GhostView.m in Sources */ = {isa = PBXBuildFile; fileRef = A1CCBA18235518C7009F4DDD /* GhostView.m */; };
		B75D12A12F9E5D8776A933D2 /* libPods-Castle.a in Frameworks */ = {isa = PBXBuildFile; fileRef = 580488360D0E6A5C5C50B415 /* libPods-Castle.a */; };
		C3AF79758D47900176594F03 /* libPods-Castle-tvOSTests.a in Frameworks */ = {isa = PBXBuildFile; fileRef = 76DBAB133E8C3BB918561E04 /* libPods-Castle-tvOSTests.a */; };
		CD0A84C8B8A44D86830CD6A6 /* RTAliasGrotesk-Regular.otf in Resources */ = {isa = PBXBuildFile; fileRef = A753A21E42DB46D99AD060DF /* RTAliasGrotesk-Regular.otf */; };
/* End PBXBuildFile section */

/* Begin PBXContainerItemProxy section */
		00E356F41AD99517003FC87E /* PBXContainerItemProxy */ = {
			isa = PBXContainerItemProxy;
			containerPortal = 83CBB9F71A601CBA00E9B192 /* Project object */;
			proxyType = 1;
			remoteGlobalIDString = 13B07F861A680F5B00A75B9A;
			remoteInfo = Castle;
		};
		2D02E4911E0B4A5D006451C7 /* PBXContainerItemProxy */ = {
			isa = PBXContainerItemProxy;
			containerPortal = 83CBB9F71A601CBA00E9B192 /* Project object */;
			proxyType = 1;
			remoteGlobalIDString = 2D02E47A1E0B4A5D006451C7;
			remoteInfo = "Castle-tvOS";
		};
		A14FE3912355CA44003B7EA0 /* PBXContainerItemProxy */ = {
			isa = PBXContainerItemProxy;
			containerPortal = A14FE3892355CA44003B7EA0 /* SDL.xcodeproj */;
			proxyType = 2;
			remoteGlobalIDString = FD6526630DE8FCCB002AD96B;
			remoteInfo = "libSDL-iOS";
		};
		A14FE3932355CA44003B7EA0 /* PBXContainerItemProxy */ = {
			isa = PBXContainerItemProxy;
			containerPortal = A14FE3892355CA44003B7EA0 /* SDL.xcodeproj */;
			proxyType = 2;
			remoteGlobalIDString = FAB598141BB5C1B100BE72C5;
			remoteInfo = "libSDL-tvOS";
		};
		A14FE39A2355CA7B003B7EA0 /* PBXContainerItemProxy */ = {
			isa = PBXContainerItemProxy;
			containerPortal = A14FE3952355CA7B003B7EA0 /* liblove.xcodeproj */;
			proxyType = 2;
			remoteGlobalIDString = FA577AAF16C7507900860150;
			remoteInfo = "liblove-macosx";
		};
		A14FE39C2355CA7B003B7EA0 /* PBXContainerItemProxy */ = {
			isa = PBXContainerItemProxy;
			containerPortal = A14FE3952355CA7B003B7EA0 /* liblove.xcodeproj */;
			proxyType = 2;
			remoteGlobalIDString = FA0B78DD1A958B90000E1D17;
			remoteInfo = "liblove-ios";
		};
/* End PBXContainerItemProxy section */

/* Begin PBXFileReference section */
		008F07F21AC5B25A0029DE68 /* main.jsbundle */ = {isa = PBXFileReference; fileEncoding = 4; lastKnownFileType = text; path = main.jsbundle; sourceTree = "<group>"; };
		00E356EE1AD99517003FC87E /* CastleTests.xctest */ = {isa = PBXFileReference; explicitFileType = wrapper.cfbundle; includeInIndex = 0; path = CastleTests.xctest; sourceTree = BUILT_PRODUCTS_DIR; };
		00E356F11AD99517003FC87E /* Info.plist */ = {isa = PBXFileReference; lastKnownFileType = text.plist.xml; path = Info.plist; sourceTree = "<group>"; };
		00E356F21AD99517003FC87E /* CastleTests.m */ = {isa = PBXFileReference; lastKnownFileType = sourcecode.c.objc; path = CastleTests.m; sourceTree = "<group>"; };
		0C7DDD807F684FD0A7E4CD7E /* RTAliasGrotesk-Bold.otf */ = {isa = PBXFileReference; explicitFileType = undefined; fileEncoding = 9; includeInIndex = 0; lastKnownFileType = unknown; name = "RTAliasGrotesk-Bold.otf"; path = "../assets/fonts/RTAliasGrotesk-Bold.otf"; sourceTree = "<group>"; };
		13B07F961A680F5B00A75B9A /* Castle.app */ = {isa = PBXFileReference; explicitFileType = wrapper.application; includeInIndex = 0; path = Castle.app; sourceTree = BUILT_PRODUCTS_DIR; };
		13B07FAF1A68108700A75B9A /* AppDelegate.h */ = {isa = PBXFileReference; fileEncoding = 4; lastKnownFileType = sourcecode.c.h; name = AppDelegate.h; path = Castle/AppDelegate.h; sourceTree = "<group>"; };
		13B07FB01A68108700A75B9A /* AppDelegate.m */ = {isa = PBXFileReference; fileEncoding = 4; lastKnownFileType = sourcecode.c.objc; name = AppDelegate.m; path = Castle/AppDelegate.m; sourceTree = "<group>"; };
		13B07FB21A68108700A75B9A /* Base */ = {isa = PBXFileReference; lastKnownFileType = file.xib; name = Base; path = Base.lproj/LaunchScreen.xib; sourceTree = "<group>"; };
		13B07FB51A68108700A75B9A /* Images.xcassets */ = {isa = PBXFileReference; lastKnownFileType = folder.assetcatalog; name = Images.xcassets; path = Castle/Images.xcassets; sourceTree = "<group>"; };
		13B07FB61A68108700A75B9A /* Info.plist */ = {isa = PBXFileReference; fileEncoding = 4; lastKnownFileType = text.plist.xml; name = Info.plist; path = Castle/Info.plist; sourceTree = "<group>"; };
		13B07FB71A68108700A75B9A /* main.m */ = {isa = PBXFileReference; fileEncoding = 4; lastKnownFileType = sourcecode.c.objc; name = main.m; path = Castle/main.m; sourceTree = "<group>"; };
		16D68450ECD63C37DADEDCAB /* Pods-CastleTests.release.xcconfig */ = {isa = PBXFileReference; includeInIndex = 1; lastKnownFileType = text.xcconfig; name = "Pods-CastleTests.release.xcconfig"; path = "Target Support Files/Pods-CastleTests/Pods-CastleTests.release.xcconfig"; sourceTree = "<group>"; };
		20CE5D86CD301D334FEFD465 /* Pods-Castle.release.xcconfig */ = {isa = PBXFileReference; includeInIndex = 1; lastKnownFileType = text.xcconfig; name = "Pods-Castle.release.xcconfig"; path = "Target Support Files/Pods-Castle/Pods-Castle.release.xcconfig"; sourceTree = "<group>"; };
		2D02E47B1E0B4A5D006451C7 /* Castle-tvOS.app */ = {isa = PBXFileReference; explicitFileType = wrapper.application; includeInIndex = 0; path = "Castle-tvOS.app"; sourceTree = BUILT_PRODUCTS_DIR; };
		2D02E4901E0B4A5D006451C7 /* Castle-tvOSTests.xctest */ = {isa = PBXFileReference; explicitFileType = wrapper.cfbundle; includeInIndex = 0; path = "Castle-tvOSTests.xctest"; sourceTree = BUILT_PRODUCTS_DIR; };
		4070740FEBE1D40A48846DE5 /* Pods-Castle.debug.xcconfig */ = {isa = PBXFileReference; includeInIndex = 1; lastKnownFileType = text.xcconfig; name = "Pods-Castle.debug.xcconfig"; path = "Target Support Files/Pods-Castle/Pods-Castle.debug.xcconfig"; sourceTree = "<group>"; };
		580488360D0E6A5C5C50B415 /* libPods-Castle.a */ = {isa = PBXFileReference; explicitFileType = archive.ar; includeInIndex = 0; path = "libPods-Castle.a"; sourceTree = BUILT_PRODUCTS_DIR; };
		5C52B9DE676342FF46F5C2EC /* Pods-Castle-tvOSTests.release.xcconfig */ = {isa = PBXFileReference; includeInIndex = 1; lastKnownFileType = text.xcconfig; name = "Pods-Castle-tvOSTests.release.xcconfig"; path = "Target Support Files/Pods-Castle-tvOSTests/Pods-Castle-tvOSTests.release.xcconfig"; sourceTree = "<group>"; };
		76DBAB133E8C3BB918561E04 /* libPods-Castle-tvOSTests.a */ = {isa = PBXFileReference; explicitFileType = archive.ar; includeInIndex = 0; path = "libPods-Castle-tvOSTests.a"; sourceTree = BUILT_PRODUCTS_DIR; };
		7A2BB3156AC1D98E2389E1CF /* libPods-CastleTests.a */ = {isa = PBXFileReference; explicitFileType = archive.ar; includeInIndex = 0; path = "libPods-CastleTests.a"; sourceTree = BUILT_PRODUCTS_DIR; };
		8865F844F710B24790E91D03 /* Pods-Castle-tvOS.release.xcconfig */ = {isa = PBXFileReference; includeInIndex = 1; lastKnownFileType = text.xcconfig; name = "Pods-Castle-tvOS.release.xcconfig"; path = "Target Support Files/Pods-Castle-tvOS/Pods-Castle-tvOS.release.xcconfig"; sourceTree = "<group>"; };
		8C185AA70A18F1954FE6686B /* Pods-Castle-tvOS.debug.xcconfig */ = {isa = PBXFileReference; includeInIndex = 1; lastKnownFileType = text.xcconfig; name = "Pods-Castle-tvOS.debug.xcconfig"; path = "Target Support Files/Pods-Castle-tvOS/Pods-Castle-tvOS.debug.xcconfig"; sourceTree = "<group>"; };
		A1149172235A0E6C0091184F /* GhostInputView.mm */ = {isa = PBXFileReference; fileEncoding = 4; lastKnownFileType = sourcecode.cpp.objcpp; path = GhostInputView.mm; sourceTree = "<group>"; };
		A14FE3892355CA44003B7EA0 /* SDL.xcodeproj */ = {isa = PBXFileReference; lastKnownFileType = "wrapper.pb-project"; name = SDL.xcodeproj; path = "../../ghost-extensions/SDL2-2.0.8/Xcode-iOS/SDL/SDL.xcodeproj"; sourceTree = "<group>"; };
		A14FE3952355CA7B003B7EA0 /* liblove.xcodeproj */ = {isa = PBXFileReference; lastKnownFileType = "wrapper.pb-project"; name = liblove.xcodeproj; path = ../../love/platform/xcode/liblove.xcodeproj; sourceTree = "<group>"; };
		A14FE39E2355CB83003B7EA0 /* AudioToolbox.framework */ = {isa = PBXFileReference; lastKnownFileType = wrapper.framework; name = AudioToolbox.framework; path = System/Library/Frameworks/AudioToolbox.framework; sourceTree = SDKROOT; };
		A14FE3A02355CB8B003B7EA0 /* AVFoundation.framework */ = {isa = PBXFileReference; lastKnownFileType = wrapper.framework; name = AVFoundation.framework; path = System/Library/Frameworks/AVFoundation.framework; sourceTree = SDKROOT; };
		A14FE3A22355CB93003B7EA0 /* CoreGraphics.framework */ = {isa = PBXFileReference; lastKnownFileType = wrapper.framework; name = CoreGraphics.framework; path = System/Library/Frameworks/CoreGraphics.framework; sourceTree = SDKROOT; };
		A14FE3A42355CB9A003B7EA0 /* GameController.framework */ = {isa = PBXFileReference; lastKnownFileType = wrapper.framework; name = GameController.framework; path = System/Library/Frameworks/GameController.framework; sourceTree = SDKROOT; };
		A14FE3A62355CBAB003B7EA0 /* libz.tbd */ = {isa = PBXFileReference; lastKnownFileType = "sourcecode.text-based-dylib-definition"; name = libz.tbd; path = usr/lib/libz.tbd; sourceTree = SDKROOT; };
		A14FE3AA2355CBDB003B7EA0 /* libbz2.tbd */ = {isa = PBXFileReference; lastKnownFileType = "sourcecode.text-based-dylib-definition"; name = libbz2.tbd; path = usr/lib/libbz2.tbd; sourceTree = SDKROOT; };
		A14FE3AC2355CBFF003B7EA0 /* libssl.a */ = {isa = PBXFileReference; lastKnownFileType = archive.ar; name = libssl.a; path = ../../openssl/lib/iOS/libssl.a; sourceTree = "<group>"; };
		A14FE3AD2355CBFF003B7EA0 /* libcrypto.a */ = {isa = PBXFileReference; lastKnownFileType = archive.ar; name = libcrypto.a; path = ../../openssl/lib/iOS/libcrypto.a; sourceTree = "<group>"; };
		A14FE3B02355CC2B003B7EA0 /* Metal.framework */ = {isa = PBXFileReference; lastKnownFileType = wrapper.framework; name = Metal.framework; path = System/Library/Frameworks/Metal.framework; sourceTree = SDKROOT; };
		A14FE3B22355CC32003B7EA0 /* OpenAL.framework */ = {isa = PBXFileReference; lastKnownFileType = wrapper.framework; name = OpenAL.framework; path = System/Library/Frameworks/OpenAL.framework; sourceTree = SDKROOT; };
		A14FE3B42355CC39003B7EA0 /* QuartzCore.framework */ = {isa = PBXFileReference; lastKnownFileType = wrapper.framework; name = QuartzCore.framework; path = System/Library/Frameworks/QuartzCore.framework; sourceTree = SDKROOT; };
		A14FE3B62355CD66003B7EA0 /* CoreMotion.framework */ = {isa = PBXFileReference; lastKnownFileType = wrapper.framework; name = CoreMotion.framework; path = System/Library/Frameworks/CoreMotion.framework; sourceTree = SDKROOT; };
		A14FE3C12355CE74003B7EA0 /* lmarshal.c */ = {isa = PBXFileReference; fileEncoding = 4; lastKnownFileType = sourcecode.c.c; name = lmarshal.c; path = "../../ghost-extensions/lua-marshal/lmarshal.c"; sourceTree = "<group>"; };
		A14FE3C32355CE94003B7EA0 /* lsqlite3.c */ = {isa = PBXFileReference; fileEncoding = 4; lastKnownFileType = sourcecode.c.c; name = lsqlite3.c; path = "../../ghost-extensions/lsqlite3/lsqlite3.c"; sourceTree = "<group>"; };
		A14FE3C42355CE94003B7EA0 /* sqlite3.h */ = {isa = PBXFileReference; fileEncoding = 4; lastKnownFileType = sourcecode.c.h; name = sqlite3.h; path = "../../ghost-extensions/lsqlite3/sqlite3.h"; sourceTree = "<group>"; };
		A14FE3C52355CE94003B7EA0 /* sqlite3.c */ = {isa = PBXFileReference; fileEncoding = 4; lastKnownFileType = sourcecode.c.c; name = sqlite3.c; path = "../../ghost-extensions/lsqlite3/sqlite3.c"; sourceTree = "<group>"; };
		A14FE3CA2355CEC2003B7EA0 /* fpconv.h */ = {isa = PBXFileReference; fileEncoding = 4; lastKnownFileType = sourcecode.c.h; name = fpconv.h; path = "../../ghost-extensions/lua-cjson/fpconv.h"; sourceTree = "<group>"; };
		A14FE3CB2355CEC2003B7EA0 /* fpconv.c */ = {isa = PBXFileReference; fileEncoding = 4; lastKnownFileType = sourcecode.c.c; name = fpconv.c; path = "../../ghost-extensions/lua-cjson/fpconv.c"; sourceTree = "<group>"; };
		A14FE3CC2355CEC2003B7EA0 /* lua_cjson.c */ = {isa = PBXFileReference; fileEncoding = 4; lastKnownFileType = sourcecode.c.c; name = lua_cjson.c; path = "../../ghost-extensions/lua-cjson/lua_cjson.c"; sourceTree = "<group>"; };
		A14FE3CD2355CEC2003B7EA0 /* strbuf.h */ = {isa = PBXFileReference; fileEncoding = 4; lastKnownFileType = sourcecode.c.h; name = strbuf.h; path = "../../ghost-extensions/lua-cjson/strbuf.h"; sourceTree = "<group>"; };
		A14FE3CE2355CEC2003B7EA0 /* strbuf.c */ = {isa = PBXFileReference; fileEncoding = 4; lastKnownFileType = sourcecode.c.c; name = strbuf.c; path = "../../ghost-extensions/lua-cjson/strbuf.c"; sourceTree = "<group>"; };
		A14FE3D22355CEEF003B7EA0 /* x509.c */ = {isa = PBXFileReference; fileEncoding = 4; lastKnownFileType = sourcecode.c.c; name = x509.c; path = "../../ghost-extensions/luasec/src/x509.c"; sourceTree = "<group>"; };
		A14FE3D32355CEEF003B7EA0 /* x509.h */ = {isa = PBXFileReference; fileEncoding = 4; lastKnownFileType = sourcecode.c.h; name = x509.h; path = "../../ghost-extensions/luasec/src/x509.h"; sourceTree = "<group>"; };
		A14FE3D42355CEEF003B7EA0 /* ec.h */ = {isa = PBXFileReference; fileEncoding = 4; lastKnownFileType = sourcecode.c.h; name = ec.h; path = "../../ghost-extensions/luasec/src/ec.h"; sourceTree = "<group>"; };
		A14FE3D52355CEEF003B7EA0 /* ssl.c */ = {isa = PBXFileReference; fileEncoding = 4; lastKnownFileType = sourcecode.c.c; name = ssl.c; path = "../../ghost-extensions/luasec/src/ssl.c"; sourceTree = "<group>"; };
		A14FE3D62355CEEF003B7EA0 /* ssl.h */ = {isa = PBXFileReference; fileEncoding = 4; lastKnownFileType = sourcecode.c.h; name = ssl.h; path = "../../ghost-extensions/luasec/src/ssl.h"; sourceTree = "<group>"; };
		A14FE3D72355CEEF003B7EA0 /* compat.h */ = {isa = PBXFileReference; fileEncoding = 4; lastKnownFileType = sourcecode.c.h; name = compat.h; path = "../../ghost-extensions/luasec/src/compat.h"; sourceTree = "<group>"; };
		A14FE3D82355CEEF003B7EA0 /* ec.c */ = {isa = PBXFileReference; fileEncoding = 4; lastKnownFileType = sourcecode.c.c; name = ec.c; path = "../../ghost-extensions/luasec/src/ec.c"; sourceTree = "<group>"; };
		A14FE3D92355CEEF003B7EA0 /* context.c */ = {isa = PBXFileReference; fileEncoding = 4; lastKnownFileType = sourcecode.c.c; name = context.c; path = "../../ghost-extensions/luasec/src/context.c"; sourceTree = "<group>"; };
		A14FE3DA2355CEEF003B7EA0 /* config.c */ = {isa = PBXFileReference; fileEncoding = 4; lastKnownFileType = sourcecode.c.c; name = config.c; path = "../../ghost-extensions/luasec/src/config.c"; sourceTree = "<group>"; };
		A14FE3DB2355CEF0003B7EA0 /* context.h */ = {isa = PBXFileReference; fileEncoding = 4; lastKnownFileType = sourcecode.c.h; name = context.h; path = "../../ghost-extensions/luasec/src/context.h"; sourceTree = "<group>"; };
		A14FE3DC2355CEF0003B7EA0 /* options.h */ = {isa = PBXFileReference; fileEncoding = 4; lastKnownFileType = sourcecode.c.h; name = options.h; path = "../../ghost-extensions/luasec/src/options.h"; sourceTree = "<group>"; };
		A14FE3E22355CF02003B7EA0 /* lcrypto.c */ = {isa = PBXFileReference; fileEncoding = 4; lastKnownFileType = sourcecode.c.c; name = lcrypto.c; path = "../../ghost-extensions/luacrypto/src/lcrypto.c"; sourceTree = "<group>"; };
		A14FE3E32355CF02003B7EA0 /* lcrypto.h */ = {isa = PBXFileReference; fileEncoding = 4; lastKnownFileType = sourcecode.c.h; name = lcrypto.h; path = "../../ghost-extensions/luacrypto/src/lcrypto.h"; sourceTree = "<group>"; };
		A14FE3E52355CF2D003B7EA0 /* lpcode.c */ = {isa = PBXFileReference; fileEncoding = 4; lastKnownFileType = sourcecode.c.c; name = lpcode.c; path = "../../ghost-extensions/lpeg/lpcode.c"; sourceTree = "<group>"; };
		A14FE3E62355CF2D003B7EA0 /* lpcap.h */ = {isa = PBXFileReference; fileEncoding = 4; lastKnownFileType = sourcecode.c.h; name = lpcap.h; path = "../../ghost-extensions/lpeg/lpcap.h"; sourceTree = "<group>"; };
		A14FE3E72355CF2D003B7EA0 /* lpprint.h */ = {isa = PBXFileReference; fileEncoding = 4; lastKnownFileType = sourcecode.c.h; name = lpprint.h; path = "../../ghost-extensions/lpeg/lpprint.h"; sourceTree = "<group>"; };
		A14FE3E82355CF2D003B7EA0 /* lptree.c */ = {isa = PBXFileReference; fileEncoding = 4; lastKnownFileType = sourcecode.c.c; name = lptree.c; path = "../../ghost-extensions/lpeg/lptree.c"; sourceTree = "<group>"; };
		A14FE3E92355CF2D003B7EA0 /* lpvm.c */ = {isa = PBXFileReference; fileEncoding = 4; lastKnownFileType = sourcecode.c.c; name = lpvm.c; path = "../../ghost-extensions/lpeg/lpvm.c"; sourceTree = "<group>"; };
		A14FE3EA2355CF2D003B7EA0 /* lpprint.c */ = {isa = PBXFileReference; fileEncoding = 4; lastKnownFileType = sourcecode.c.c; name = lpprint.c; path = "../../ghost-extensions/lpeg/lpprint.c"; sourceTree = "<group>"; };
		A14FE3EB2355CF2D003B7EA0 /* lpcap.c */ = {isa = PBXFileReference; fileEncoding = 4; lastKnownFileType = sourcecode.c.c; name = lpcap.c; path = "../../ghost-extensions/lpeg/lpcap.c"; sourceTree = "<group>"; };
		A14FE3EC2355CF2D003B7EA0 /* lptypes.h */ = {isa = PBXFileReference; fileEncoding = 4; lastKnownFileType = sourcecode.c.h; name = lptypes.h; path = "../../ghost-extensions/lpeg/lptypes.h"; sourceTree = "<group>"; };
		A14FE3ED2355CF2D003B7EA0 /* lptree.h */ = {isa = PBXFileReference; fileEncoding = 4; lastKnownFileType = sourcecode.c.h; name = lptree.h; path = "../../ghost-extensions/lpeg/lptree.h"; sourceTree = "<group>"; };
		A14FE3EE2355CF2D003B7EA0 /* lpvm.h */ = {isa = PBXFileReference; fileEncoding = 4; lastKnownFileType = sourcecode.c.h; name = lpvm.h; path = "../../ghost-extensions/lpeg/lpvm.h"; sourceTree = "<group>"; };
		A14FE3EF2355CF2D003B7EA0 /* lpcode.h */ = {isa = PBXFileReference; fileEncoding = 4; lastKnownFileType = sourcecode.c.h; name = lpcode.h; path = "../../ghost-extensions/lpeg/lpcode.h"; sourceTree = "<group>"; };
		A14FE3F52355D09D003B7EA0 /* package.love */ = {isa = PBXFileReference; lastKnownFileType = file; name = package.love; path = ../package.love; sourceTree = "<group>"; };
		A14FE3F62355D0C8003B7EA0 /* package.love */ = {isa = PBXFileReference; lastKnownFileType = file; name = package.love; path = ../package.love; sourceTree = "<group>"; };
		A1CCBA1423551869009F4DDD /* GhostChannels.mm */ = {isa = PBXFileReference; fileEncoding = 4; lastKnownFileType = sourcecode.cpp.objcpp; path = GhostChannels.mm; sourceTree = "<group>"; };
		A1CCBA18235518C7009F4DDD /* GhostView.m */ = {isa = PBXFileReference; fileEncoding = 4; lastKnownFileType = sourcecode.c.objc; path = GhostView.m; sourceTree = "<group>"; };
		A753A21E42DB46D99AD060DF /* RTAliasGrotesk-Regular.otf */ = {isa = PBXFileReference; explicitFileType = undefined; fileEncoding = 9; includeInIndex = 0; lastKnownFileType = unknown; name = "RTAliasGrotesk-Regular.otf"; path = "../assets/fonts/RTAliasGrotesk-Regular.otf"; sourceTree = "<group>"; };
		BDA1BD867AE232F85BAD0D0B /* libPods-Castle-tvOS.a */ = {isa = PBXFileReference; explicitFileType = archive.ar; includeInIndex = 0; path = "libPods-Castle-tvOS.a"; sourceTree = BUILT_PRODUCTS_DIR; };
		C1DF76557142480ED55F211A /* Pods-CastleTests.debug.xcconfig */ = {isa = PBXFileReference; includeInIndex = 1; lastKnownFileType = text.xcconfig; name = "Pods-CastleTests.debug.xcconfig"; path = "Target Support Files/Pods-CastleTests/Pods-CastleTests.debug.xcconfig"; sourceTree = "<group>"; };
		E4E5BC502DF005B700F3E5D1 /* Pods-Castle-tvOSTests.debug.xcconfig */ = {isa = PBXFileReference; includeInIndex = 1; lastKnownFileType = text.xcconfig; name = "Pods-Castle-tvOSTests.debug.xcconfig"; path = "Target Support Files/Pods-Castle-tvOSTests/Pods-Castle-tvOSTests.debug.xcconfig"; sourceTree = "<group>"; };
		ED297162215061F000B7C4FE /* JavaScriptCore.framework */ = {isa = PBXFileReference; lastKnownFileType = wrapper.framework; name = JavaScriptCore.framework; path = System/Library/Frameworks/JavaScriptCore.framework; sourceTree = SDKROOT; };
		ED2971642150620600B7C4FE /* JavaScriptCore.framework */ = {isa = PBXFileReference; lastKnownFileType = wrapper.framework; name = JavaScriptCore.framework; path = Platforms/AppleTVOS.platform/Developer/SDKs/AppleTVOS12.0.sdk/System/Library/Frameworks/JavaScriptCore.framework; sourceTree = DEVELOPER_DIR; };
/* End PBXFileReference section */

/* Begin PBXFrameworksBuildPhase section */
		00E356EB1AD99517003FC87E /* Frameworks */ = {
			isa = PBXFrameworksBuildPhase;
			buildActionMask = 2147483647;
			files = (
				4917391D17F4BFD16B3A557B /* libPods-CastleTests.a in Frameworks */,
			);
			runOnlyForDeploymentPostprocessing = 0;
		};
		13B07F8C1A680F5B00A75B9A /* Frameworks */ = {
			isa = PBXFrameworksBuildPhase;
			buildActionMask = 2147483647;
			files = (
				A14FE3AE2355CC0E003B7EA0 /* libssl.a in Frameworks */,
				A14FE3AB2355CBE3003B7EA0 /* libbz2.tbd in Frameworks */,
				A14FE3B52355CC39003B7EA0 /* QuartzCore.framework in Frameworks */,
				A14FE3A32355CB93003B7EA0 /* CoreGraphics.framework in Frameworks */,
				A14FE3A72355CBB6003B7EA0 /* libz.tbd in Frameworks */,
				B75D12A12F9E5D8776A933D2 /* libPods-Castle.a in Frameworks */,
				A14FE3A52355CB9A003B7EA0 /* GameController.framework in Frameworks */,
				A14FE3AF2355CC21003B7EA0 /* libcrypto.a in Frameworks */,
				A14FE3A92355CBC8003B7EA0 /* libSDL2.a in Frameworks */,
				A14FE3B32355CC32003B7EA0 /* OpenAL.framework in Frameworks */,
				A14FE39F2355CB83003B7EA0 /* AudioToolbox.framework in Frameworks */,
				A14FE3A12355CB8B003B7EA0 /* AVFoundation.framework in Frameworks */,
				A14FE3B12355CC2B003B7EA0 /* Metal.framework in Frameworks */,
				A14FE3B72355CD66003B7EA0 /* CoreMotion.framework in Frameworks */,
				A14FE3A82355CBBE003B7EA0 /* liblove.a in Frameworks */,
			);
			runOnlyForDeploymentPostprocessing = 0;
		};
		2D02E4781E0B4A5D006451C7 /* Frameworks */ = {
			isa = PBXFrameworksBuildPhase;
			buildActionMask = 2147483647;
			files = (
				4577F0FF47C73EA9A0ECC7F6 /* libPods-Castle-tvOS.a in Frameworks */,
			);
			runOnlyForDeploymentPostprocessing = 0;
		};
		2D02E48D1E0B4A5D006451C7 /* Frameworks */ = {
			isa = PBXFrameworksBuildPhase;
			buildActionMask = 2147483647;
			files = (
				C3AF79758D47900176594F03 /* libPods-Castle-tvOSTests.a in Frameworks */,
			);
			runOnlyForDeploymentPostprocessing = 0;
		};
/* End PBXFrameworksBuildPhase section */

/* Begin PBXGroup section */
		00E356EF1AD99517003FC87E /* CastleTests */ = {
			isa = PBXGroup;
			children = (
				00E356F21AD99517003FC87E /* CastleTests.m */,
				00E356F01AD99517003FC87E /* Supporting Files */,
			);
			path = CastleTests;
			sourceTree = "<group>";
		};
		00E356F01AD99517003FC87E /* Supporting Files */ = {
			isa = PBXGroup;
			children = (
				00E356F11AD99517003FC87E /* Info.plist */,
			);
			name = "Supporting Files";
			sourceTree = "<group>";
		};
		13B07FAE1A68108700A75B9A /* Castle */ = {
			isa = PBXGroup;
			children = (
				A1149172235A0E6C0091184F /* GhostInputView.mm */,
				A1CCBA18235518C7009F4DDD /* GhostView.m */,
				A1CCBA1423551869009F4DDD /* GhostChannels.mm */,
				008F07F21AC5B25A0029DE68 /* main.jsbundle */,
				13B07FAF1A68108700A75B9A /* AppDelegate.h */,
				13B07FB01A68108700A75B9A /* AppDelegate.m */,
				13B07FB51A68108700A75B9A /* Images.xcassets */,
				13B07FB61A68108700A75B9A /* Info.plist */,
				13B07FB11A68108700A75B9A /* LaunchScreen.xib */,
				13B07FB71A68108700A75B9A /* main.m */,
			);
			name = Castle;
			sourceTree = "<group>";
		};
		2D16E6871FA4F8E400B85C8A /* Frameworks */ = {
			isa = PBXGroup;
			children = (
				A14FE3F52355D09D003B7EA0 /* package.love */,
				A14FE3B62355CD66003B7EA0 /* CoreMotion.framework */,
				A14FE3B42355CC39003B7EA0 /* QuartzCore.framework */,
				A14FE3B22355CC32003B7EA0 /* OpenAL.framework */,
				A14FE3B02355CC2B003B7EA0 /* Metal.framework */,
				A14FE3AD2355CBFF003B7EA0 /* libcrypto.a */,
				A14FE3AC2355CBFF003B7EA0 /* libssl.a */,
				A14FE3AA2355CBDB003B7EA0 /* libbz2.tbd */,
				A14FE3A62355CBAB003B7EA0 /* libz.tbd */,
				A14FE3A42355CB9A003B7EA0 /* GameController.framework */,
				A14FE3A22355CB93003B7EA0 /* CoreGraphics.framework */,
				A14FE3A02355CB8B003B7EA0 /* AVFoundation.framework */,
				A14FE39E2355CB83003B7EA0 /* AudioToolbox.framework */,
				ED297162215061F000B7C4FE /* JavaScriptCore.framework */,
				ED2971642150620600B7C4FE /* JavaScriptCore.framework */,
				580488360D0E6A5C5C50B415 /* libPods-Castle.a */,
				BDA1BD867AE232F85BAD0D0B /* libPods-Castle-tvOS.a */,
				76DBAB133E8C3BB918561E04 /* libPods-Castle-tvOSTests.a */,
				7A2BB3156AC1D98E2389E1CF /* libPods-CastleTests.a */,
			);
			name = Frameworks;
			sourceTree = "<group>";
		};
		832341AE1AAA6A7D00B99B32 /* Libraries */ = {
			isa = PBXGroup;
			children = (
			);
			name = Libraries;
			sourceTree = "<group>";
		};
		83CBB9F61A601CBA00E9B192 = {
			isa = PBXGroup;
			children = (
				A14FE3F62355D0C8003B7EA0 /* package.love */,
				A14FE3B92355CE21003B7EA0 /* ghost-extensions */,
				A14FE3952355CA7B003B7EA0 /* liblove.xcodeproj */,
				A14FE3892355CA44003B7EA0 /* SDL.xcodeproj */,
				13B07FAE1A68108700A75B9A /* Castle */,
				832341AE1AAA6A7D00B99B32 /* Libraries */,
				00E356EF1AD99517003FC87E /* CastleTests */,
				83CBBA001A601CBA00E9B192 /* Products */,
				2D16E6871FA4F8E400B85C8A /* Frameworks */,
				F290EE920FCD404AA685C745 /* Resources */,
				A00C12AD7126D009824EF57B /* Pods */,
			);
			indentWidth = 2;
			sourceTree = "<group>";
			tabWidth = 2;
			usesTabs = 0;
		};
		83CBBA001A601CBA00E9B192 /* Products */ = {
			isa = PBXGroup;
			children = (
				13B07F961A680F5B00A75B9A /* Castle.app */,
				00E356EE1AD99517003FC87E /* CastleTests.xctest */,
				2D02E47B1E0B4A5D006451C7 /* Castle-tvOS.app */,
				2D02E4901E0B4A5D006451C7 /* Castle-tvOSTests.xctest */,
			);
			name = Products;
			sourceTree = "<group>";
		};
		A00C12AD7126D009824EF57B /* Pods */ = {
			isa = PBXGroup;
			children = (
				4070740FEBE1D40A48846DE5 /* Pods-Castle.debug.xcconfig */,
				20CE5D86CD301D334FEFD465 /* Pods-Castle.release.xcconfig */,
				8C185AA70A18F1954FE6686B /* Pods-Castle-tvOS.debug.xcconfig */,
				8865F844F710B24790E91D03 /* Pods-Castle-tvOS.release.xcconfig */,
				E4E5BC502DF005B700F3E5D1 /* Pods-Castle-tvOSTests.debug.xcconfig */,
				5C52B9DE676342FF46F5C2EC /* Pods-Castle-tvOSTests.release.xcconfig */,
				C1DF76557142480ED55F211A /* Pods-CastleTests.debug.xcconfig */,
				16D68450ECD63C37DADEDCAB /* Pods-CastleTests.release.xcconfig */,
			);
			path = Pods;
			sourceTree = "<group>";
		};
		A14FE38A2355CA44003B7EA0 /* Products */ = {
			isa = PBXGroup;
			children = (
				A14FE3922355CA44003B7EA0 /* libSDL2.a */,
				A14FE3942355CA44003B7EA0 /* libSDL2.a */,
			);
			name = Products;
			sourceTree = "<group>";
		};
		A14FE3962355CA7B003B7EA0 /* Products */ = {
			isa = PBXGroup;
			children = (
				A14FE39B2355CA7B003B7EA0 /* love.framework */,
				A14FE39D2355CA7B003B7EA0 /* liblove.a */,
			);
			name = Products;
			sourceTree = "<group>";
		};
		A14FE3B92355CE21003B7EA0 /* ghost-extensions */ = {
			isa = PBXGroup;
			children = (
				A14FE3C02355CE5F003B7EA0 /* lpeg */,
				A14FE3BF2355CE57003B7EA0 /* luacrypto */,
				A14FE3BE2355CE4E003B7EA0 /* luasec */,
				A14FE3BD2355CE44003B7EA0 /* lua-cjson */,
				A14FE3BC2355CE3B003B7EA0 /* lsqlite3 */,
				A14FE3BB2355CE34003B7EA0 /* lua-marshal */,
			);
			name = "ghost-extensions";
			sourceTree = "<group>";
		};
		A14FE3BB2355CE34003B7EA0 /* lua-marshal */ = {
			isa = PBXGroup;
			children = (
				A14FE3C12355CE74003B7EA0 /* lmarshal.c */,
			);
			name = "lua-marshal";
			sourceTree = "<group>";
		};
		A14FE3BC2355CE3B003B7EA0 /* lsqlite3 */ = {
			isa = PBXGroup;
			children = (
				A14FE3C32355CE94003B7EA0 /* lsqlite3.c */,
				A14FE3C52355CE94003B7EA0 /* sqlite3.c */,
				A14FE3C42355CE94003B7EA0 /* sqlite3.h */,
			);
			name = lsqlite3;
			sourceTree = "<group>";
		};
		A14FE3BD2355CE44003B7EA0 /* lua-cjson */ = {
			isa = PBXGroup;
			children = (
				A14FE3CB2355CEC2003B7EA0 /* fpconv.c */,
				A14FE3CA2355CEC2003B7EA0 /* fpconv.h */,
				A14FE3CC2355CEC2003B7EA0 /* lua_cjson.c */,
				A14FE3CE2355CEC2003B7EA0 /* strbuf.c */,
				A14FE3CD2355CEC2003B7EA0 /* strbuf.h */,
			);
			name = "lua-cjson";
			sourceTree = "<group>";
		};
		A14FE3BE2355CE4E003B7EA0 /* luasec */ = {
			isa = PBXGroup;
			children = (
				A14FE3D72355CEEF003B7EA0 /* compat.h */,
				A14FE3DA2355CEEF003B7EA0 /* config.c */,
				A14FE3D92355CEEF003B7EA0 /* context.c */,
				A14FE3DB2355CEF0003B7EA0 /* context.h */,
				A14FE3D82355CEEF003B7EA0 /* ec.c */,
				A14FE3D42355CEEF003B7EA0 /* ec.h */,
				A14FE3DC2355CEF0003B7EA0 /* options.h */,
				A14FE3D52355CEEF003B7EA0 /* ssl.c */,
				A14FE3D62355CEEF003B7EA0 /* ssl.h */,
				A14FE3D22355CEEF003B7EA0 /* x509.c */,
				A14FE3D32355CEEF003B7EA0 /* x509.h */,
			);
			name = luasec;
			sourceTree = "<group>";
		};
		A14FE3BF2355CE57003B7EA0 /* luacrypto */ = {
			isa = PBXGroup;
			children = (
				A14FE3E22355CF02003B7EA0 /* lcrypto.c */,
				A14FE3E32355CF02003B7EA0 /* lcrypto.h */,
			);
			name = luacrypto;
			sourceTree = "<group>";
		};
		A14FE3C02355CE5F003B7EA0 /* lpeg */ = {
			isa = PBXGroup;
			children = (
				A14FE3EB2355CF2D003B7EA0 /* lpcap.c */,
				A14FE3E62355CF2D003B7EA0 /* lpcap.h */,
				A14FE3E52355CF2D003B7EA0 /* lpcode.c */,
				A14FE3EF2355CF2D003B7EA0 /* lpcode.h */,
				A14FE3EA2355CF2D003B7EA0 /* lpprint.c */,
				A14FE3E72355CF2D003B7EA0 /* lpprint.h */,
				A14FE3E82355CF2D003B7EA0 /* lptree.c */,
				A14FE3ED2355CF2D003B7EA0 /* lptree.h */,
				A14FE3EC2355CF2D003B7EA0 /* lptypes.h */,
				A14FE3E92355CF2D003B7EA0 /* lpvm.c */,
				A14FE3EE2355CF2D003B7EA0 /* lpvm.h */,
			);
			name = lpeg;
			sourceTree = "<group>";
		};
		F290EE920FCD404AA685C745 /* Resources */ = {
			isa = PBXGroup;
			children = (
				0C7DDD807F684FD0A7E4CD7E /* RTAliasGrotesk-Bold.otf */,
				A753A21E42DB46D99AD060DF /* RTAliasGrotesk-Regular.otf */,
			);
			name = Resources;
			sourceTree = "<group>";
		};
/* End PBXGroup section */

/* Begin PBXNativeTarget section */
		00E356ED1AD99517003FC87E /* CastleTests */ = {
			isa = PBXNativeTarget;
			buildConfigurationList = 00E357021AD99517003FC87E /* Build configuration list for PBXNativeTarget "CastleTests" */;
			buildPhases = (
				8AD684F0F5183C5023064876 /* [CP] Check Pods Manifest.lock */,
				00E356EA1AD99517003FC87E /* Sources */,
				00E356EB1AD99517003FC87E /* Frameworks */,
				00E356EC1AD99517003FC87E /* Resources */,
			);
			buildRules = (
			);
			dependencies = (
				00E356F51AD99517003FC87E /* PBXTargetDependency */,
			);
			name = CastleTests;
			productName = CastleTests;
			productReference = 00E356EE1AD99517003FC87E /* CastleTests.xctest */;
			productType = "com.apple.product-type.bundle.unit-test";
		};
		13B07F861A680F5B00A75B9A /* Castle */ = {
			isa = PBXNativeTarget;
			buildConfigurationList = 13B07F931A680F5B00A75B9A /* Build configuration list for PBXNativeTarget "Castle" */;
			buildPhases = (
				4CE6B7EFDC4887E01DB21039 /* [CP] Check Pods Manifest.lock */,
				FD10A7F022414F080027D42C /* Start Packager */,
				13B07F871A680F5B00A75B9A /* Sources */,
				13B07F8C1A680F5B00A75B9A /* Frameworks */,
				00DD1BFF1BD5951E006B06BC /* Bundle React Native code and images */,
				A14FE3872355C97F003B7EA0 /* Create temporary '.love' package */,
				13B07F8E1A680F5B00A75B9A /* Resources */,
				A14FE3882355C9B8003B7EA0 /* Remove temporary '.love' package */,
			);
			buildRules = (
			);
			dependencies = (
			);
			name = Castle;
			productName = Castle;
			productReference = 13B07F961A680F5B00A75B9A /* Castle.app */;
			productType = "com.apple.product-type.application";
		};
		2D02E47A1E0B4A5D006451C7 /* Castle-tvOS */ = {
			isa = PBXNativeTarget;
			buildConfigurationList = 2D02E4BA1E0B4A5E006451C7 /* Build configuration list for PBXNativeTarget "Castle-tvOS" */;
			buildPhases = (
				7D98F2E90A19402440850EC0 /* [CP] Check Pods Manifest.lock */,
				FD10A7F122414F3F0027D42C /* Start Packager */,
				2D02E4771E0B4A5D006451C7 /* Sources */,
				2D02E4781E0B4A5D006451C7 /* Frameworks */,
				2D02E4791E0B4A5D006451C7 /* Resources */,
				2D02E4CB1E0B4B27006451C7 /* Bundle React Native Code And Images */,
			);
			buildRules = (
			);
			dependencies = (
			);
			name = "Castle-tvOS";
			productName = "Castle-tvOS";
			productReference = 2D02E47B1E0B4A5D006451C7 /* Castle-tvOS.app */;
			productType = "com.apple.product-type.application";
		};
		2D02E48F1E0B4A5D006451C7 /* Castle-tvOSTests */ = {
			isa = PBXNativeTarget;
			buildConfigurationList = 2D02E4BB1E0B4A5E006451C7 /* Build configuration list for PBXNativeTarget "Castle-tvOSTests" */;
			buildPhases = (
				115BE81859207BF23F8103BF /* [CP] Check Pods Manifest.lock */,
				2D02E48C1E0B4A5D006451C7 /* Sources */,
				2D02E48D1E0B4A5D006451C7 /* Frameworks */,
				2D02E48E1E0B4A5D006451C7 /* Resources */,
			);
			buildRules = (
			);
			dependencies = (
				2D02E4921E0B4A5D006451C7 /* PBXTargetDependency */,
			);
			name = "Castle-tvOSTests";
			productName = "Castle-tvOSTests";
			productReference = 2D02E4901E0B4A5D006451C7 /* Castle-tvOSTests.xctest */;
			productType = "com.apple.product-type.bundle.unit-test";
		};
/* End PBXNativeTarget section */

/* Begin PBXProject section */
		83CBB9F71A601CBA00E9B192 /* Project object */ = {
			isa = PBXProject;
			attributes = {
				LastUpgradeCheck = 940;
				ORGANIZATIONNAME = Facebook;
				TargetAttributes = {
					00E356ED1AD99517003FC87E = {
						CreatedOnToolsVersion = 6.2;
						DevelopmentTeam = 6PUB3623F7;
						TestTargetID = 13B07F861A680F5B00A75B9A;
					};
					13B07F861A680F5B00A75B9A = {
						DevelopmentTeam = 6PUB3623F7;
					};
					2D02E47A1E0B4A5D006451C7 = {
						CreatedOnToolsVersion = 8.2.1;
						ProvisioningStyle = Automatic;
					};
					2D02E48F1E0B4A5D006451C7 = {
						CreatedOnToolsVersion = 8.2.1;
						ProvisioningStyle = Automatic;
						TestTargetID = 2D02E47A1E0B4A5D006451C7;
					};
				};
			};
			buildConfigurationList = 83CBB9FA1A601CBA00E9B192 /* Build configuration list for PBXProject "Castle" */;
			compatibilityVersion = "Xcode 3.2";
			developmentRegion = English;
			hasScannedForEncodings = 0;
			knownRegions = (
				English,
				en,
				Base,
			);
			mainGroup = 83CBB9F61A601CBA00E9B192;
			productRefGroup = 83CBBA001A601CBA00E9B192 /* Products */;
			projectDirPath = "";
			projectReferences = (
				{
					ProductGroup = A14FE3962355CA7B003B7EA0 /* Products */;
					ProjectRef = A14FE3952355CA7B003B7EA0 /* liblove.xcodeproj */;
				},
				{
					ProductGroup = A14FE38A2355CA44003B7EA0 /* Products */;
					ProjectRef = A14FE3892355CA44003B7EA0 /* SDL.xcodeproj */;
				},
			);
			projectRoot = "";
			targets = (
				13B07F861A680F5B00A75B9A /* Castle */,
				00E356ED1AD99517003FC87E /* CastleTests */,
				2D02E47A1E0B4A5D006451C7 /* Castle-tvOS */,
				2D02E48F1E0B4A5D006451C7 /* Castle-tvOSTests */,
			);
		};
/* End PBXProject section */

/* Begin PBXReferenceProxy section */
		A14FE3922355CA44003B7EA0 /* libSDL2.a */ = {
			isa = PBXReferenceProxy;
			fileType = archive.ar;
			path = libSDL2.a;
			remoteRef = A14FE3912355CA44003B7EA0 /* PBXContainerItemProxy */;
			sourceTree = BUILT_PRODUCTS_DIR;
		};
		A14FE3942355CA44003B7EA0 /* libSDL2.a */ = {
			isa = PBXReferenceProxy;
			fileType = archive.ar;
			path = libSDL2.a;
			remoteRef = A14FE3932355CA44003B7EA0 /* PBXContainerItemProxy */;
			sourceTree = BUILT_PRODUCTS_DIR;
		};
		A14FE39B2355CA7B003B7EA0 /* love.framework */ = {
			isa = PBXReferenceProxy;
			fileType = wrapper.framework;
			path = love.framework;
			remoteRef = A14FE39A2355CA7B003B7EA0 /* PBXContainerItemProxy */;
			sourceTree = BUILT_PRODUCTS_DIR;
		};
		A14FE39D2355CA7B003B7EA0 /* liblove.a */ = {
			isa = PBXReferenceProxy;
			fileType = archive.ar;
			path = liblove.a;
			remoteRef = A14FE39C2355CA7B003B7EA0 /* PBXContainerItemProxy */;
			sourceTree = BUILT_PRODUCTS_DIR;
		};
/* End PBXReferenceProxy section */

/* Begin PBXResourcesBuildPhase section */
		00E356EC1AD99517003FC87E /* Resources */ = {
			isa = PBXResourcesBuildPhase;
			buildActionMask = 2147483647;
			files = (
			);
			runOnlyForDeploymentPostprocessing = 0;
		};
		13B07F8E1A680F5B00A75B9A /* Resources */ = {
			isa = PBXResourcesBuildPhase;
			buildActionMask = 2147483647;
			files = (
				A14FE3F72355D0C8003B7EA0 /* package.love in Resources */,
				13B07FBF1A68108700A75B9A /* Images.xcassets in Resources */,
				13B07FBD1A68108700A75B9A /* LaunchScreen.xib in Resources */,
				752DFF0FA2404564937762CE /* RTAliasGrotesk-Bold.otf in Resources */,
				CD0A84C8B8A44D86830CD6A6 /* RTAliasGrotesk-Regular.otf in Resources */,
			);
			runOnlyForDeploymentPostprocessing = 0;
		};
		2D02E4791E0B4A5D006451C7 /* Resources */ = {
			isa = PBXResourcesBuildPhase;
			buildActionMask = 2147483647;
			files = (
				2D02E4BD1E0B4A84006451C7 /* Images.xcassets in Resources */,
			);
			runOnlyForDeploymentPostprocessing = 0;
		};
		2D02E48E1E0B4A5D006451C7 /* Resources */ = {
			isa = PBXResourcesBuildPhase;
			buildActionMask = 2147483647;
			files = (
			);
			runOnlyForDeploymentPostprocessing = 0;
		};
/* End PBXResourcesBuildPhase section */

/* Begin PBXShellScriptBuildPhase section */
		00DD1BFF1BD5951E006B06BC /* Bundle React Native code and images */ = {
			isa = PBXShellScriptBuildPhase;
			buildActionMask = 2147483647;
			files = (
			);
			inputPaths = (
			);
			name = "Bundle React Native code and images";
			outputPaths = (
			);
			runOnlyForDeploymentPostprocessing = 0;
			shellPath = /bin/sh;
			shellScript = "export NODE_BINARY=node\n../node_modules/react-native/scripts/react-native-xcode.sh\n";
		};
		115BE81859207BF23F8103BF /* [CP] Check Pods Manifest.lock */ = {
			isa = PBXShellScriptBuildPhase;
			buildActionMask = 2147483647;
			files = (
			);
			inputFileListPaths = (
			);
			inputPaths = (
				"${PODS_PODFILE_DIR_PATH}/Podfile.lock",
				"${PODS_ROOT}/Manifest.lock",
			);
			name = "[CP] Check Pods Manifest.lock";
			outputFileListPaths = (
			);
			outputPaths = (
				"$(DERIVED_FILE_DIR)/Pods-Castle-tvOSTests-checkManifestLockResult.txt",
			);
			runOnlyForDeploymentPostprocessing = 0;
			shellPath = /bin/sh;
			shellScript = "diff \"${PODS_PODFILE_DIR_PATH}/Podfile.lock\" \"${PODS_ROOT}/Manifest.lock\" > /dev/null\nif [ $? != 0 ] ; then\n    # print error to STDERR\n    echo \"error: The sandbox is not in sync with the Podfile.lock. Run 'pod install' or update your CocoaPods installation.\" >&2\n    exit 1\nfi\n# This output is used by Xcode 'outputs' to avoid re-running this script phase.\necho \"SUCCESS\" > \"${SCRIPT_OUTPUT_FILE_0}\"\n";
			showEnvVarsInLog = 0;
		};
		2D02E4CB1E0B4B27006451C7 /* Bundle React Native Code And Images */ = {
			isa = PBXShellScriptBuildPhase;
			buildActionMask = 2147483647;
			files = (
			);
			inputPaths = (
			);
			name = "Bundle React Native Code And Images";
			outputPaths = (
			);
			runOnlyForDeploymentPostprocessing = 0;
			shellPath = /bin/sh;
			shellScript = "export NODE_BINARY=node\n../node_modules/react-native/scripts/react-native-xcode.sh";
		};
		4CE6B7EFDC4887E01DB21039 /* [CP] Check Pods Manifest.lock */ = {
			isa = PBXShellScriptBuildPhase;
			buildActionMask = 2147483647;
			files = (
			);
			inputFileListPaths = (
			);
			inputPaths = (
				"${PODS_PODFILE_DIR_PATH}/Podfile.lock",
				"${PODS_ROOT}/Manifest.lock",
			);
			name = "[CP] Check Pods Manifest.lock";
			outputFileListPaths = (
			);
			outputPaths = (
				"$(DERIVED_FILE_DIR)/Pods-Castle-checkManifestLockResult.txt",
			);
			runOnlyForDeploymentPostprocessing = 0;
			shellPath = /bin/sh;
			shellScript = "diff \"${PODS_PODFILE_DIR_PATH}/Podfile.lock\" \"${PODS_ROOT}/Manifest.lock\" > /dev/null\nif [ $? != 0 ] ; then\n    # print error to STDERR\n    echo \"error: The sandbox is not in sync with the Podfile.lock. Run 'pod install' or update your CocoaPods installation.\" >&2\n    exit 1\nfi\n# This output is used by Xcode 'outputs' to avoid re-running this script phase.\necho \"SUCCESS\" > \"${SCRIPT_OUTPUT_FILE_0}\"\n";
			showEnvVarsInLog = 0;
		};
		7D98F2E90A19402440850EC0 /* [CP] Check Pods Manifest.lock */ = {
			isa = PBXShellScriptBuildPhase;
			buildActionMask = 2147483647;
			files = (
			);
			inputFileListPaths = (
			);
			inputPaths = (
				"${PODS_PODFILE_DIR_PATH}/Podfile.lock",
				"${PODS_ROOT}/Manifest.lock",
			);
			name = "[CP] Check Pods Manifest.lock";
			outputFileListPaths = (
			);
			outputPaths = (
				"$(DERIVED_FILE_DIR)/Pods-Castle-tvOS-checkManifestLockResult.txt",
			);
			runOnlyForDeploymentPostprocessing = 0;
			shellPath = /bin/sh;
			shellScript = "diff \"${PODS_PODFILE_DIR_PATH}/Podfile.lock\" \"${PODS_ROOT}/Manifest.lock\" > /dev/null\nif [ $? != 0 ] ; then\n    # print error to STDERR\n    echo \"error: The sandbox is not in sync with the Podfile.lock. Run 'pod install' or update your CocoaPods installation.\" >&2\n    exit 1\nfi\n# This output is used by Xcode 'outputs' to avoid re-running this script phase.\necho \"SUCCESS\" > \"${SCRIPT_OUTPUT_FILE_0}\"\n";
			showEnvVarsInLog = 0;
		};
		8AD684F0F5183C5023064876 /* [CP] Check Pods Manifest.lock */ = {
			isa = PBXShellScriptBuildPhase;
			buildActionMask = 2147483647;
			files = (
			);
			inputFileListPaths = (
			);
			inputPaths = (
				"${PODS_PODFILE_DIR_PATH}/Podfile.lock",
				"${PODS_ROOT}/Manifest.lock",
			);
			name = "[CP] Check Pods Manifest.lock";
			outputFileListPaths = (
			);
			outputPaths = (
				"$(DERIVED_FILE_DIR)/Pods-CastleTests-checkManifestLockResult.txt",
			);
			runOnlyForDeploymentPostprocessing = 0;
			shellPath = /bin/sh;
			shellScript = "diff \"${PODS_PODFILE_DIR_PATH}/Podfile.lock\" \"${PODS_ROOT}/Manifest.lock\" > /dev/null\nif [ $? != 0 ] ; then\n    # print error to STDERR\n    echo \"error: The sandbox is not in sync with the Podfile.lock. Run 'pod install' or update your CocoaPods installation.\" >&2\n    exit 1\nfi\n# This output is used by Xcode 'outputs' to avoid re-running this script phase.\necho \"SUCCESS\" > \"${SCRIPT_OUTPUT_FILE_0}\"\n";
			showEnvVarsInLog = 0;
		};
		A14FE3872355C97F003B7EA0 /* Create temporary '.love' package */ = {
			isa = PBXShellScriptBuildPhase;
			buildActionMask = 2147483647;
			files = (
			);
			inputFileListPaths = (
			);
			inputPaths = (
			);
			name = "Create temporary '.love' package";
			outputFileListPaths = (
			);
			outputPaths = (
			);
			runOnlyForDeploymentPostprocessing = 0;
			shellPath = /bin/sh;
			shellScript = "cd \"${SRCROOT}\"/../../base\nzip -r package.love .\nmv package.love ../mobile\n";
		};
		A14FE3882355C9B8003B7EA0 /* Remove temporary '.love' package */ = {
			isa = PBXShellScriptBuildPhase;
			buildActionMask = 2147483647;
			files = (
			);
			inputFileListPaths = (
			);
			inputPaths = (
			);
			name = "Remove temporary '.love' package";
			outputFileListPaths = (
			);
			outputPaths = (
			);
			runOnlyForDeploymentPostprocessing = 0;
			shellPath = /bin/sh;
			shellScript = "rm \"${SRCROOT}\"/../package.love\n";
		};
		FD10A7F022414F080027D42C /* Start Packager */ = {
			isa = PBXShellScriptBuildPhase;
			buildActionMask = 2147483647;
			files = (
			);
			inputFileListPaths = (
			);
			inputPaths = (
			);
			name = "Start Packager";
			outputFileListPaths = (
			);
			outputPaths = (
			);
			runOnlyForDeploymentPostprocessing = 0;
			shellPath = /bin/sh;
			shellScript = "exit\n\nexport RCT_METRO_PORT=\"${RCT_METRO_PORT:=8081}\"\necho \"export RCT_METRO_PORT=${RCT_METRO_PORT}\" > \"${SRCROOT}/../node_modules/react-native/scripts/.packager.env\"\nif [ -z \"${RCT_NO_LAUN\tCH_PACKAGER+xxx}\" ] ; then\n  if nc -w 5 -z localhost ${RCT_METRO_PORT} ; then\n    if ! curl -s \"http://localhost:${RCT_METRO_PORT}/status\" | grep -q \"packager-status:running\" ; then\n      echo \"Port ${RCT_METRO_PORT} already in use, packager is either not running or not running correctly\"\n      exit 2\n    fi\n  else\n    open \"$SRCROOT/../node_modules/react-native/scripts/launchPackager.command\" || echo \"Can't start packager automatically\"\n  fi\nfi\n";
			showEnvVarsInLog = 0;
		};
		FD10A7F122414F3F0027D42C /* Start Packager */ = {
			isa = PBXShellScriptBuildPhase;
			buildActionMask = 2147483647;
			files = (
			);
			inputFileListPaths = (
			);
			inputPaths = (
			);
			name = "Start Packager";
			outputFileListPaths = (
			);
			outputPaths = (
			);
			runOnlyForDeploymentPostprocessing = 0;
			shellPath = /bin/sh;
			shellScript = "export RCT_METRO_PORT=\"${RCT_METRO_PORT:=8081}\"\necho \"export RCT_METRO_PORT=${RCT_METRO_PORT}\" > \"${SRCROOT}/../node_modules/react-native/scripts/.packager.env\"\nif [ -z \"${RCT_NO_LAUNCH_PACKAGER+xxx}\" ] ; then\n  if nc -w 5 -z localhost ${RCT_METRO_PORT} ; then\n    if ! curl -s \"http://localhost:${RCT_METRO_PORT}/status\" | grep -q \"packager-status:running\" ; then\n      echo \"Port ${RCT_METRO_PORT} already in use, packager is either not running or not running correctly\"\n      exit 2\n    fi\n  else\n    open \"$SRCROOT/../node_modules/react-native/scripts/launchPackager.command\" || echo \"Can't start packager automatically\"\n  fi\nfi\n";
			showEnvVarsInLog = 0;
		};
/* End PBXShellScriptBuildPhase section */

/* Begin PBXSourcesBuildPhase section */
		00E356EA1AD99517003FC87E /* Sources */ = {
			isa = PBXSourcesBuildPhase;
			buildActionMask = 2147483647;
			files = (
				00E356F31AD99517003FC87E /* CastleTests.m in Sources */,
			);
			runOnlyForDeploymentPostprocessing = 0;
		};
		13B07F871A680F5B00A75B9A /* Sources */ = {
			isa = PBXSourcesBuildPhase;
			buildActionMask = 2147483647;
			files = (
				A14FE3DE2355CEF0003B7EA0 /* ssl.c in Sources */,
				13B07FBC1A68108700A75B9A /* AppDelegate.m in Sources */,
				A14FE3C22355CE74003B7EA0 /* lmarshal.c in Sources */,
				A1CCBA1623551869009F4DDD /* GhostChannels.mm in Sources */,
				A14FE3E12355CEF0003B7EA0 /* config.c in Sources */,
				A14FE3D12355CEC2003B7EA0 /* strbuf.c in Sources */,
				A14FE3F02355CF2D003B7EA0 /* lpcode.c in Sources */,
				A1CCBA19235518C7009F4DDD /* GhostView.m in Sources */,
				A14FE3F22355CF2D003B7EA0 /* lpvm.c in Sources */,
				A14FE3E42355CF02003B7EA0 /* lcrypto.c in Sources */,
				A14FE3DD2355CEF0003B7EA0 /* x509.c in Sources */,
				A14FE3D02355CEC2003B7EA0 /* lua_cjson.c in Sources */,
				A14FE3C62355CE94003B7EA0 /* lsqlite3.c in Sources */,
				A14FE3DF2355CEF0003B7EA0 /* ec.c in Sources */,
				A14FE3CF2355CEC2003B7EA0 /* fpconv.c in Sources */,
				A14FE3E02355CEF0003B7EA0 /* context.c in Sources */,
				A14FE3C72355CE94003B7EA0 /* sqlite3.c in Sources */,
				13B07FC11A68108700A75B9A /* main.m in Sources */,
				A14FE3F42355CF2D003B7EA0 /* lpcap.c in Sources */,
				A14FE3F12355CF2D003B7EA0 /* lptree.c in Sources */,
				A14FE3F32355CF2D003B7EA0 /* lpprint.c in Sources */,
				A1149173235A0E6C0091184F /* GhostInputView.mm in Sources */,
			);
			runOnlyForDeploymentPostprocessing = 0;
		};
		2D02E4771E0B4A5D006451C7 /* Sources */ = {
			isa = PBXSourcesBuildPhase;
			buildActionMask = 2147483647;
			files = (
				2D02E4BF1E0B4AB3006451C7 /* main.m in Sources */,
				2D02E4BC1E0B4A80006451C7 /* AppDelegate.m in Sources */,
			);
			runOnlyForDeploymentPostprocessing = 0;
		};
		2D02E48C1E0B4A5D006451C7 /* Sources */ = {
			isa = PBXSourcesBuildPhase;
			buildActionMask = 2147483647;
			files = (
				2DCD954D1E0B4F2C00145EB5 /* CastleTests.m in Sources */,
			);
			runOnlyForDeploymentPostprocessing = 0;
		};
/* End PBXSourcesBuildPhase section */

/* Begin PBXTargetDependency section */
		00E356F51AD99517003FC87E /* PBXTargetDependency */ = {
			isa = PBXTargetDependency;
			target = 13B07F861A680F5B00A75B9A /* Castle */;
			targetProxy = 00E356F41AD99517003FC87E /* PBXContainerItemProxy */;
		};
		2D02E4921E0B4A5D006451C7 /* PBXTargetDependency */ = {
			isa = PBXTargetDependency;
			target = 2D02E47A1E0B4A5D006451C7 /* Castle-tvOS */;
			targetProxy = 2D02E4911E0B4A5D006451C7 /* PBXContainerItemProxy */;
		};
/* End PBXTargetDependency section */

/* Begin PBXVariantGroup section */
		13B07FB11A68108700A75B9A /* LaunchScreen.xib */ = {
			isa = PBXVariantGroup;
			children = (
				13B07FB21A68108700A75B9A /* Base */,
			);
			name = LaunchScreen.xib;
			path = Castle;
			sourceTree = "<group>";
		};
/* End PBXVariantGroup section */

/* Begin XCBuildConfiguration section */
		00E356F61AD99517003FC87E /* Debug */ = {
			isa = XCBuildConfiguration;
			baseConfigurationReference = C1DF76557142480ED55F211A /* Pods-CastleTests.debug.xcconfig */;
			buildSettings = {
				BUNDLE_LOADER = "$(TEST_HOST)";
				DEVELOPMENT_TEAM = 6PUB3623F7;
				GCC_PREPROCESSOR_DEFINITIONS = (
					"DEBUG=1",
					"$(inherited)",
				);
				INFOPLIST_FILE = CastleTests/Info.plist;
				IPHONEOS_DEPLOYMENT_TARGET = 9.0;
				LD_RUNPATH_SEARCH_PATHS = "$(inherited) @executable_path/Frameworks @loader_path/Frameworks";
				OTHER_LDFLAGS = (
					"-ObjC",
					"-lc++",
					"$(inherited)",
				);
				PRODUCT_BUNDLE_IDENTIFIER = "org.reactjs.native.example.$(PRODUCT_NAME:rfc1034identifier)";
				PRODUCT_NAME = "$(TARGET_NAME)";
				TEST_HOST = "$(BUILT_PRODUCTS_DIR)/Castle.app/Castle";
			};
			name = Debug;
		};
		00E356F71AD99517003FC87E /* Release */ = {
			isa = XCBuildConfiguration;
			baseConfigurationReference = 16D68450ECD63C37DADEDCAB /* Pods-CastleTests.release.xcconfig */;
			buildSettings = {
				BUNDLE_LOADER = "$(TEST_HOST)";
				COPY_PHASE_STRIP = NO;
				DEVELOPMENT_TEAM = 6PUB3623F7;
				INFOPLIST_FILE = CastleTests/Info.plist;
				IPHONEOS_DEPLOYMENT_TARGET = 9.0;
				LD_RUNPATH_SEARCH_PATHS = "$(inherited) @executable_path/Frameworks @loader_path/Frameworks";
				OTHER_LDFLAGS = (
					"-ObjC",
					"-lc++",
					"$(inherited)",
				);
				PRODUCT_BUNDLE_IDENTIFIER = "org.reactjs.native.example.$(PRODUCT_NAME:rfc1034identifier)";
				PRODUCT_NAME = "$(TARGET_NAME)";
				TEST_HOST = "$(BUILT_PRODUCTS_DIR)/Castle.app/Castle";
			};
			name = Release;
		};
		13B07F941A680F5B00A75B9A /* Debug */ = {
			isa = XCBuildConfiguration;
			baseConfigurationReference = 4070740FEBE1D40A48846DE5 /* Pods-Castle.debug.xcconfig */;
			buildSettings = {
				ASSETCATALOG_COMPILER_APPICON_NAME = AppIcon;
				CURRENT_PROJECT_VERSION = 1;
				DEAD_CODE_STRIPPING = NO;
				DEVELOPMENT_TEAM = 6PUB3623F7;
				INFOPLIST_FILE = Castle/Info.plist;
				LD_RUNPATH_SEARCH_PATHS = "$(inherited) @executable_path/Frameworks";
				OTHER_LDFLAGS = (
					"$(inherited)",
					"-ObjC",
					"-lc++",
				);
				PRODUCT_BUNDLE_IDENTIFIER = "org.reactjs.native.example.$(PRODUCT_NAME:rfc1034identifier)";
				PRODUCT_NAME = Castle;
				VERSIONING_SYSTEM = "apple-generic";
			};
			name = Debug;
		};
		13B07F951A680F5B00A75B9A /* Release */ = {
			isa = XCBuildConfiguration;
			baseConfigurationReference = 20CE5D86CD301D334FEFD465 /* Pods-Castle.release.xcconfig */;
			buildSettings = {
				ASSETCATALOG_COMPILER_APPICON_NAME = AppIcon;
				CURRENT_PROJECT_VERSION = 1;
				DEVELOPMENT_TEAM = 6PUB3623F7;
				INFOPLIST_FILE = Castle/Info.plist;
				LD_RUNPATH_SEARCH_PATHS = "$(inherited) @executable_path/Frameworks";
				OTHER_LDFLAGS = (
					"$(inherited)",
					"-ObjC",
					"-lc++",
				);
				PRODUCT_BUNDLE_IDENTIFIER = "org.reactjs.native.example.$(PRODUCT_NAME:rfc1034identifier)";
				PRODUCT_NAME = Castle;
				VERSIONING_SYSTEM = "apple-generic";
			};
			name = Release;
		};
		2D02E4971E0B4A5E006451C7 /* Debug */ = {
			isa = XCBuildConfiguration;
			baseConfigurationReference = 8C185AA70A18F1954FE6686B /* Pods-Castle-tvOS.debug.xcconfig */;
			buildSettings = {
				ASSETCATALOG_COMPILER_APPICON_NAME = "App Icon & Top Shelf Image";
				ASSETCATALOG_COMPILER_LAUNCHIMAGE_NAME = LaunchImage;
				CLANG_ANALYZER_NONNULL = YES;
				CLANG_WARN_DOCUMENTATION_COMMENTS = YES;
				CLANG_WARN_INFINITE_RECURSION = YES;
				CLANG_WARN_SUSPICIOUS_MOVE = YES;
				DEBUG_INFORMATION_FORMAT = dwarf;
				ENABLE_TESTABILITY = YES;
				GCC_NO_COMMON_BLOCKS = YES;
				INFOPLIST_FILE = "Castle-tvOS/Info.plist";
				LD_RUNPATH_SEARCH_PATHS = "$(inherited) @executable_path/Frameworks";
				OTHER_LDFLAGS = (
					"$(inherited)",
					"-ObjC",
					"-lc++",
				);
				PRODUCT_BUNDLE_IDENTIFIER = "com.facebook.REACT.Castle-tvOS";
				PRODUCT_NAME = "$(TARGET_NAME)";
				SDKROOT = appletvos;
				TARGETED_DEVICE_FAMILY = 3;
				TVOS_DEPLOYMENT_TARGET = 9.2;
			};
			name = Debug;
		};
		2D02E4981E0B4A5E006451C7 /* Release */ = {
			isa = XCBuildConfiguration;
			baseConfigurationReference = 8865F844F710B24790E91D03 /* Pods-Castle-tvOS.release.xcconfig */;
			buildSettings = {
				ASSETCATALOG_COMPILER_APPICON_NAME = "App Icon & Top Shelf Image";
				ASSETCATALOG_COMPILER_LAUNCHIMAGE_NAME = LaunchImage;
				CLANG_ANALYZER_NONNULL = YES;
				CLANG_WARN_DOCUMENTATION_COMMENTS = YES;
				CLANG_WARN_INFINITE_RECURSION = YES;
				CLANG_WARN_SUSPICIOUS_MOVE = YES;
				COPY_PHASE_STRIP = NO;
				DEBUG_INFORMATION_FORMAT = "dwarf-with-dsym";
				GCC_NO_COMMON_BLOCKS = YES;
				INFOPLIST_FILE = "Castle-tvOS/Info.plist";
				LD_RUNPATH_SEARCH_PATHS = "$(inherited) @executable_path/Frameworks";
				OTHER_LDFLAGS = (
					"$(inherited)",
					"-ObjC",
					"-lc++",
				);
				PRODUCT_BUNDLE_IDENTIFIER = "com.facebook.REACT.Castle-tvOS";
				PRODUCT_NAME = "$(TARGET_NAME)";
				SDKROOT = appletvos;
				TARGETED_DEVICE_FAMILY = 3;
				TVOS_DEPLOYMENT_TARGET = 9.2;
			};
			name = Release;
		};
		2D02E4991E0B4A5E006451C7 /* Debug */ = {
			isa = XCBuildConfiguration;
			baseConfigurationReference = E4E5BC502DF005B700F3E5D1 /* Pods-Castle-tvOSTests.debug.xcconfig */;
			buildSettings = {
				BUNDLE_LOADER = "$(TEST_HOST)";
				CLANG_ANALYZER_NONNULL = YES;
				CLANG_WARN_DOCUMENTATION_COMMENTS = YES;
				CLANG_WARN_INFINITE_RECURSION = YES;
				CLANG_WARN_SUSPICIOUS_MOVE = YES;
				DEBUG_INFORMATION_FORMAT = dwarf;
				ENABLE_TESTABILITY = YES;
				GCC_NO_COMMON_BLOCKS = YES;
				INFOPLIST_FILE = "Castle-tvOSTests/Info.plist";
				LD_RUNPATH_SEARCH_PATHS = "$(inherited) @executable_path/Frameworks @loader_path/Frameworks";
				OTHER_LDFLAGS = (
					"$(inherited)",
					"-ObjC",
					"-lc++",
				);
				PRODUCT_BUNDLE_IDENTIFIER = "com.facebook.REACT.Castle-tvOSTests";
				PRODUCT_NAME = "$(TARGET_NAME)";
				SDKROOT = appletvos;
				TEST_HOST = "$(BUILT_PRODUCTS_DIR)/Castle-tvOS.app/Castle-tvOS";
				TVOS_DEPLOYMENT_TARGET = 10.1;
			};
			name = Debug;
		};
		2D02E49A1E0B4A5E006451C7 /* Release */ = {
			isa = XCBuildConfiguration;
			baseConfigurationReference = 5C52B9DE676342FF46F5C2EC /* Pods-Castle-tvOSTests.release.xcconfig */;
			buildSettings = {
				BUNDLE_LOADER = "$(TEST_HOST)";
				CLANG_ANALYZER_NONNULL = YES;
				CLANG_WARN_DOCUMENTATION_COMMENTS = YES;
				CLANG_WARN_INFINITE_RECURSION = YES;
				CLANG_WARN_SUSPICIOUS_MOVE = YES;
				COPY_PHASE_STRIP = NO;
				DEBUG_INFORMATION_FORMAT = "dwarf-with-dsym";
				GCC_NO_COMMON_BLOCKS = YES;
				INFOPLIST_FILE = "Castle-tvOSTests/Info.plist";
				LD_RUNPATH_SEARCH_PATHS = "$(inherited) @executable_path/Frameworks @loader_path/Frameworks";
				OTHER_LDFLAGS = (
					"$(inherited)",
					"-ObjC",
					"-lc++",
				);
				PRODUCT_BUNDLE_IDENTIFIER = "com.facebook.REACT.Castle-tvOSTests";
				PRODUCT_NAME = "$(TARGET_NAME)";
				SDKROOT = appletvos;
				TEST_HOST = "$(BUILT_PRODUCTS_DIR)/Castle-tvOS.app/Castle-tvOS";
				TVOS_DEPLOYMENT_TARGET = 10.1;
			};
			name = Release;
		};
		83CBBA201A601CBA00E9B192 /* Debug */ = {
			isa = XCBuildConfiguration;
			buildSettings = {
				ALWAYS_SEARCH_USER_PATHS = NO;
				CLANG_CXX_LANGUAGE_STANDARD = "gnu++0x";
				CLANG_CXX_LIBRARY = "libc++";
				CLANG_ENABLE_MODULES = YES;
				CLANG_ENABLE_OBJC_ARC = YES;
				CLANG_WARN_BLOCK_CAPTURE_AUTORELEASING = YES;
				CLANG_WARN_BOOL_CONVERSION = YES;
				CLANG_WARN_COMMA = YES;
				CLANG_WARN_CONSTANT_CONVERSION = YES;
				CLANG_WARN_DEPRECATED_OBJC_IMPLEMENTATIONS = YES;
				CLANG_WARN_DIRECT_OBJC_ISA_USAGE = YES_ERROR;
				CLANG_WARN_EMPTY_BODY = YES;
				CLANG_WARN_ENUM_CONVERSION = YES;
				CLANG_WARN_INFINITE_RECURSION = YES;
				CLANG_WARN_INT_CONVERSION = YES;
				CLANG_WARN_NON_LITERAL_NULL_CONVERSION = YES;
				CLANG_WARN_OBJC_IMPLICIT_RETAIN_SELF = YES;
				CLANG_WARN_OBJC_LITERAL_CONVERSION = YES;
				CLANG_WARN_OBJC_ROOT_CLASS = YES_ERROR;
				CLANG_WARN_RANGE_LOOP_ANALYSIS = YES;
				CLANG_WARN_STRICT_PROTOTYPES = YES;
				CLANG_WARN_SUSPICIOUS_MOVE = YES;
				CLANG_WARN_UNREACHABLE_CODE = YES;
				CLANG_WARN__DUPLICATE_METHOD_MATCH = YES;
				"CODE_SIGN_IDENTITY[sdk=iphoneos*]" = "iPhone Developer";
				COPY_PHASE_STRIP = NO;
				ENABLE_BITCODE = NO;
				ENABLE_STRICT_OBJC_MSGSEND = YES;
				ENABLE_TESTABILITY = YES;
				GCC_C_LANGUAGE_STANDARD = gnu99;
				GCC_DYNAMIC_NO_PIC = NO;
				GCC_NO_COMMON_BLOCKS = YES;
				GCC_OPTIMIZATION_LEVEL = 0;
				GCC_PREPROCESSOR_DEFINITIONS = (
					"DEBUG=1",
					"$(inherited)",
				);
				GCC_SYMBOLS_PRIVATE_EXTERN = NO;
				GCC_WARN_64_TO_32_BIT_CONVERSION = YES;
				GCC_WARN_ABOUT_RETURN_TYPE = YES_ERROR;
				GCC_WARN_UNDECLARED_SELECTOR = YES;
				GCC_WARN_UNINITIALIZED_AUTOS = YES_AGGRESSIVE;
				GCC_WARN_UNUSED_FUNCTION = YES;
				GCC_WARN_UNUSED_VARIABLE = YES;
				HEADER_SEARCH_PATHS = (
					../../love/src,
					"../../ghost-extensions/SDL2-2.0.8/include",
					../../openssl/include,
					../../love/platform/xcode/ios/include/luajit,
				);
				IPHONEOS_DEPLOYMENT_TARGET = 9.0;
				LIBRARY_SEARCH_PATHS = ../../openssl/lib/iOS;
				MTL_ENABLE_DEBUG_INFO = YES;
				ONLY_ACTIVE_ARCH = YES;
				SDKROOT = iphoneos;
			};
			name = Debug;
		};
		83CBBA211A601CBA00E9B192 /* Release */ = {
			isa = XCBuildConfiguration;
			buildSettings = {
				ALWAYS_SEARCH_USER_PATHS = NO;
				CLANG_CXX_LANGUAGE_STANDARD = "gnu++0x";
				CLANG_CXX_LIBRARY = "libc++";
				CLANG_ENABLE_MODULES = YES;
				CLANG_ENABLE_OBJC_ARC = YES;
				CLANG_WARN_BLOCK_CAPTURE_AUTORELEASING = YES;
				CLANG_WARN_BOOL_CONVERSION = YES;
				CLANG_WARN_COMMA = YES;
				CLANG_WARN_CONSTANT_CONVERSION = YES;
				CLANG_WARN_DEPRECATED_OBJC_IMPLEMENTATIONS = YES;
				CLANG_WARN_DIRECT_OBJC_ISA_USAGE = YES_ERROR;
				CLANG_WARN_EMPTY_BODY = YES;
				CLANG_WARN_ENUM_CONVERSION = YES;
				CLANG_WARN_INFINITE_RECURSION = YES;
				CLANG_WARN_INT_CONVERSION = YES;
				CLANG_WARN_NON_LITERAL_NULL_CONVERSION = YES;
				CLANG_WARN_OBJC_IMPLICIT_RETAIN_SELF = YES;
				CLANG_WARN_OBJC_LITERAL_CONVERSION = YES;
				CLANG_WARN_OBJC_ROOT_CLASS = YES_ERROR;
				CLANG_WARN_RANGE_LOOP_ANALYSIS = YES;
				CLANG_WARN_STRICT_PROTOTYPES = YES;
				CLANG_WARN_SUSPICIOUS_MOVE = YES;
				CLANG_WARN_UNREACHABLE_CODE = YES;
				CLANG_WARN__DUPLICATE_METHOD_MATCH = YES;
				"CODE_SIGN_IDENTITY[sdk=iphoneos*]" = "iPhone Developer";
				COPY_PHASE_STRIP = YES;
				ENABLE_BITCODE = NO;
				ENABLE_NS_ASSERTIONS = NO;
				ENABLE_STRICT_OBJC_MSGSEND = YES;
				GCC_C_LANGUAGE_STANDARD = gnu99;
				GCC_NO_COMMON_BLOCKS = YES;
				GCC_WARN_64_TO_32_BIT_CONVERSION = YES;
				GCC_WARN_ABOUT_RETURN_TYPE = YES_ERROR;
				GCC_WARN_UNDECLARED_SELECTOR = YES;
				GCC_WARN_UNINITIALIZED_AUTOS = YES_AGGRESSIVE;
				GCC_WARN_UNUSED_FUNCTION = YES;
				GCC_WARN_UNUSED_VARIABLE = YES;
				HEADER_SEARCH_PATHS = (
					../../love/src,
					"../../ghost-extensions/SDL2-2.0.8/include",
					../../openssl/include,
					../../love/platform/xcode/ios/include/luajit,
				);
				IPHONEOS_DEPLOYMENT_TARGET = 9.0;
				LIBRARY_SEARCH_PATHS = ../../openssl/lib/iOS;
				MTL_ENABLE_DEBUG_INFO = NO;
				SDKROOT = iphoneos;
				VALIDATE_PRODUCT = YES;
			};
			name = Release;
		};
/* End XCBuildConfiguration section */

/* Begin XCConfigurationList section */
		00E357021AD99517003FC87E /* Build configuration list for PBXNativeTarget "CastleTests" */ = {
			isa = XCConfigurationList;
			buildConfigurations = (
				00E356F61AD99517003FC87E /* Debug */,
				00E356F71AD99517003FC87E /* Release */,
			);
			defaultConfigurationIsVisible = 0;
			defaultConfigurationName = Release;
		};
		13B07F931A680F5B00A75B9A /* Build configuration list for PBXNativeTarget "Castle" */ = {
			isa = XCConfigurationList;
			buildConfigurations = (
				13B07F941A680F5B00A75B9A /* Debug */,
				13B07F951A680F5B00A75B9A /* Release */,
			);
			defaultConfigurationIsVisible = 0;
			defaultConfigurationName = Release;
		};
		2D02E4BA1E0B4A5E006451C7 /* Build configuration list for PBXNativeTarget "Castle-tvOS" */ = {
			isa = XCConfigurationList;
			buildConfigurations = (
				2D02E4971E0B4A5E006451C7 /* Debug */,
				2D02E4981E0B4A5E006451C7 /* Release */,
			);
			defaultConfigurationIsVisible = 0;
			defaultConfigurationName = Release;
		};
		2D02E4BB1E0B4A5E006451C7 /* Build configuration list for PBXNativeTarget "Castle-tvOSTests" */ = {
			isa = XCConfigurationList;
			buildConfigurations = (
				2D02E4991E0B4A5E006451C7 /* Debug */,
				2D02E49A1E0B4A5E006451C7 /* Release */,
			);
			defaultConfigurationIsVisible = 0;
			defaultConfigurationName = Release;
		};
		83CBB9FA1A601CBA00E9B192 /* Build configuration list for PBXProject "Castle" */ = {
			isa = XCConfigurationList;
			buildConfigurations = (
				83CBBA201A601CBA00E9B192 /* Debug */,
				83CBBA211A601CBA00E9B192 /* Release */,
			);
			defaultConfigurationIsVisible = 0;
			defaultConfigurationName = Release;
		};
/* End XCConfigurationList section */
	};
	rootObject = 83CBB9F71A601CBA00E9B192 /* Project object */;
}
